
Microsoft Visual Studio Solution File, Format Version 12.00
# Visual Studio 2012
Project("{FAE04EC0-301F-11D3-BF4B-00C04F79EFBC}") = "u2048", "u2048\u2048.csproj", "{5E811E48-2B77-48E6-ABE8-C37719F6E56D}"
EndProject
Global
	GlobalSection(SolutionConfigurationPlatforms) = preSolution
		Debug|Any CPU = Debug|Any CPU
		Release|Any CPU = Release|Any CPU
	EndGlobalSection
	GlobalSection(ProjectConfigurationPlatforms) = postSolution
		{5E811E48-2B77-48E6-ABE8-C37719F6E56D}.Debug|Any CPU.ActiveCfg = Debug|Any CPU
		{5E811E48-2B77-48E6-ABE8-C37719F6E56D}.Debug|Any CPU.Build.0 = Debug|Any CPU
		{5E811E48-2B77-48E6-ABE8-C37719F6E56D}.Release|Any CPU.ActiveCfg = Release|Any CPU
		{5E811E48-2B77-48E6-ABE8-C37719F6E56D}.Release|Any CPU.Build.0 = Release|Any CPU
	EndGlobalSection
	GlobalSection(SolutionProperties) = preSolution
		HideSolutionNode = FALSE
	EndGlobalSection
EndGlobal
